// !$*UTF8*$!
{
	archiveVersion = 1;
	classes = {
	};
	objectVersion = 56;
	objects = {

/* Begin PBXBuildFile section */
		8E0ACA9C2E07330800AA57E3 /* MediScriptApp.swift in Sources */ = {isa = PBXBuildFile; fileRef = 8E0ACA9B2E07330800AA57E3 /* MediScriptApp.swift */; };
		8E0ACA9E2E07330800AA57E3 /* WelcomeView.swift in Sources */ = {isa = PBXBuildFile; fileRef = 8E0ACA9D2E07330800AA57E3 /* WelcomeView.swift */; };
		8E0ACAA02E07330900AA57E3 /* Assets.xcassets in Resources */ = {isa = PBXBuildFile; fileRef = 8E0ACA9F2E07330900AA57E3 /* Assets.xcassets */; };
		8E0ACAA32E07330900AA57E3 /* Preview Assets.xcassets in Resources */ = {isa = PBXBuildFile; fileRef = 8E0ACAA22E07330900AA57E3 /* Preview Assets.xcassets */; };
		8E0ACAA52E07330900AA57E3 /* Persistence.swift in Sources */ = {isa = PBXBuildFile; fileRef = 8E0ACAA42E07330900AA57E3 /* Persistence.swift */; };
		8E0ACAA82E07330900AA57E3 /* MediScript.xcdatamodeld in Sources */ = {isa = PBXBuildFile; fileRef = 8E0ACAA62E07330900AA57E3 /* MediScript.xcdatamodeld */; };
		8E182AF82E073A56006766A9 /* Roboto-Medium.ttf in Resources */ = {isa = PBXBuildFile; fileRef = 8E182AF22E073A56006766A9 /* Roboto-Medium.ttf */; };
		8E182AF92E073A56006766A9 /* Roboto-Black.ttf in Resources */ = {isa = PBXBuildFile; fileRef = 8E182AF32E073A56006766A9 /* Roboto-Black.ttf */; };
		8E182AFA2E073A56006766A9 /* Roboto-Light.ttf in Resources */ = {isa = PBXBuildFile; fileRef = 8E182AF42E073A56006766A9 /* Roboto-Light.ttf */; };
		8E182AFB2E073A56006766A9 /* Mako-Regular.ttf in Resources */ = {isa = PBXBuildFile; fileRef = 8E182AF52E073A56006766A9 /* Mako-Regular.ttf */; };
		8E182AFC2E073A56006766A9 /* Roboto-Bold.ttf in Resources */ = {isa = PBXBuildFile; fileRef = 8E182AF62E073A56006766A9 /* Roboto-Bold.ttf */; };
		8E182AFD2E073A56006766A9 /* Roboto-Regular.ttf in Resources */ = {isa = PBXBuildFile; fileRef = 8E182AF72E073A56006766A9 /* Roboto-Regular.ttf */; };
		8E182B032E073E2A006766A9 /* SplashViewController.swift in Sources */ = {isa = PBXBuildFile; fileRef = 8E182B022E073E2A006766A9 /* SplashViewController.swift */; };
		8E182B052E073E5F006766A9 /* SplashView.swift in Sources */ = {isa = PBXBuildFile; fileRef = 8E182B042E073E5F006766A9 /* SplashView.swift */; };
		8E182B072E074451006766A9 /* LoginView.swift in Sources */ = {isa = PBXBuildFile; fileRef = 8E182B062E074451006766A9 /* LoginView.swift */; };
		8E182B092E074487006766A9 /* LoginViewController.swift in Sources */ = {isa = PBXBuildFile; fileRef = 8E182B082E074487006766A9 /* LoginViewController.swift */; };
		8E182B0B2E0744C3006766A9 /* ValidationHelper.swift in Sources */ = {isa = PBXBuildFile; fileRef = 8E182B0A2E0744C3006766A9 /* ValidationHelper.swift */; };
		8E182B0E2E074760006766A9 /* PrimaryButtonStyle.swift in Sources */ = {isa = PBXBuildFile; fileRef = 8E182B0D2E074760006766A9 /* PrimaryButtonStyle.swift */; };
		8E182B102E0749D7006766A9 /* AppConstants.swift in Sources */ = {isa = PBXBuildFile; fileRef = 8E182B0F2E0749D7006766A9 /* AppConstants.swift */; };
		8E20328D2E199D4800318257 /* UserResponse.swift in Sources */ = {isa = PBXBuildFile; fileRef = 8E20328C2E199D4800318257 /* UserResponse.swift */; };
		8E5CDFCB2E1822AA009014B9 /* ScreenWrapperView.swift in Sources */ = {isa = PBXBuildFile; fileRef = 8E5CDFCA2E1822AA009014B9 /* ScreenWrapperView.swift */; };
		8E5CDFCE2E182C5B009014B9 /* UIApplication.swift in Sources */ = {isa = PBXBuildFile; fileRef = 8E5CDFCD2E182C5B009014B9 /* UIApplication.swift */; };
		8E5CDFD02E182EDD009014B9 /* RegisterViewController.swift in Sources */ = {isa = PBXBuildFile; fileRef = 8E5CDFCF2E182EDD009014B9 /* RegisterViewController.swift */; };
		8E5CDFD22E182F09009014B9 /* RegisterView.swift in Sources */ = {isa = PBXBuildFile; fileRef = 8E5CDFD12E182F09009014B9 /* RegisterView.swift */; };
		8E5CDFD42E182FBB009014B9 /* AppColors.swift in Sources */ = {isa = PBXBuildFile; fileRef = 8E5CDFD32E182FBB009014B9 /* AppColors.swift */; };
		8E5CDFD62E1833C1009014B9 /* AppFonts.swift in Sources */ = {isa = PBXBuildFile; fileRef = 8E5CDFD52E1833C1009014B9 /* AppFonts.swift */; };
		8E5CDFD82E184F2E009014B9 /* UIView.swift in Sources */ = {isa = PBXBuildFile; fileRef = 8E5CDFD72E184F2E009014B9 /* UIView.swift */; };
		8E5CDFDA2E18525C009014B9 /* DoctorUpdateController.swift in Sources */ = {isa = PBXBuildFile; fileRef = 8E5CDFD92E18525C009014B9 /* DoctorUpdateController.swift */; };
		8E5CDFDC2E185283009014B9 /* DoctorUpdateView.swift in Sources */ = {isa = PBXBuildFile; fileRef = 8E5CDFDB2E185283009014B9 /* DoctorUpdateView.swift */; };
		8E5CDFDF2E185434009014B9 /* APIService.swift in Sources */ = {isa = PBXBuildFile; fileRef = 8E5CDFDE2E185434009014B9 /* APIService.swift */; };
		8E5CDFE12E185511009014B9 /* AppEndPoints.swift in Sources */ = {isa = PBXBuildFile; fileRef = 8E5CDFE02E185511009014B9 /* AppEndPoints.swift */; };
		8E5CDFE42E1855E6009014B9 /* GeneralResponse.swift in Sources */ = {isa = PBXBuildFile; fileRef = 8E5CDFE32E1855E6009014B9 /* GeneralResponse.swift */; };
		8E5CDFE62E185979009014B9 /* LoaderView.swift in Sources */ = {isa = PBXBuildFile; fileRef = 8E5CDFE52E185979009014B9 /* LoaderView.swift */; };
		8E5CDFE82E185B39009014B9 /* ToastView.swift in Sources */ = {isa = PBXBuildFile; fileRef = 8E5CDFE72E185B39009014B9 /* ToastView.swift */; };
		8E5CDFEC2E18620E009014B9 /* LoginResponse.swift in Sources */ = {isa = PBXBuildFile; fileRef = 8E5CDFEB2E18620E009014B9 /* LoginResponse.swift */; };
		8E5CDFEF2E1863C5009014B9 /* Enum.swift in Sources */ = {isa = PBXBuildFile; fileRef = 8E5CDFEE2E1863C5009014B9 /* Enum.swift */; };
		8E5CDFF32E193343009014B9 /* KeychainHelper.swift in Sources */ = {isa = PBXBuildFile; fileRef = 8E5CDFF22E193343009014B9 /* KeychainHelper.swift */; };
		8E5CDFF62E193869009014B9 /* DashboardView.swift in Sources */ = {isa = PBXBuildFile; fileRef = 8E5CDFF52E193869009014B9 /* DashboardView.swift */; };
		8E5CDFF82E19387D009014B9 /* HomeView.swift in Sources */ = {isa = PBXBuildFile; fileRef = 8E5CDFF72E19387D009014B9 /* HomeView.swift */; };
		8E5CDFFA2E1938B2009014B9 /* PrescriptionView.swift in Sources */ = {isa = PBXBuildFile; fileRef = 8E5CDFF92E1938B2009014B9 /* PrescriptionView.swift */; };
		8E5CDFFC2E1938D7009014B9 /* SettingsView.swift in Sources */ = {isa = PBXBuildFile; fileRef = 8E5CDFFB2E1938D7009014B9 /* SettingsView.swift */; };
		8E5CDFFE2E194038009014B9 /* AppRouter.swift in Sources */ = {isa = PBXBuildFile; fileRef = 8E5CDFFD2E194038009014B9 /* AppRouter.swift */; };
/* End PBXBuildFile section */

/* Begin PBXFileReference section */
		8E0ACA982E07330800AA57E3 /* MediScript.app */ = {isa = PBXFileReference; explicitFileType = wrapper.application; includeInIndex = 0; path = MediScript.app; sourceTree = BUILT_PRODUCTS_DIR; };
		8E0ACA9B2E07330800AA57E3 /* MediScriptApp.swift */ = {isa = PBXFileReference; lastKnownFileType = sourcecode.swift; path = MediScriptApp.swift; sourceTree = "<group>"; };
		8E0ACA9D2E07330800AA57E3 /* WelcomeView.swift */ = {isa = PBXFileReference; lastKnownFileType = sourcecode.swift; path = WelcomeView.swift; sourceTree = "<group>"; };
		8E0ACA9F2E07330900AA57E3 /* Assets.xcassets */ = {isa = PBXFileReference; lastKnownFileType = folder.assetcatalog; path = Assets.xcassets; sourceTree = "<group>"; };
		8E0ACAA22E07330900AA57E3 /* Preview Assets.xcassets */ = {isa = PBXFileReference; lastKnownFileType = folder.assetcatalog; path = "Preview Assets.xcassets"; sourceTree = "<group>"; };
		8E0ACAA42E07330900AA57E3 /* Persistence.swift */ = {isa = PBXFileReference; lastKnownFileType = sourcecode.swift; path = Persistence.swift; sourceTree = "<group>"; };
		8E0ACAA72E07330900AA57E3 /* MediScript.xcdatamodel */ = {isa = PBXFileReference; lastKnownFileType = wrapper.xcdatamodel; path = MediScript.xcdatamodel; sourceTree = "<group>"; };
		8E182AF22E073A56006766A9 /* Roboto-Medium.ttf */ = {isa = PBXFileReference; lastKnownFileType = file; path = "Roboto-Medium.ttf"; sourceTree = "<group>"; };
		8E182AF32E073A56006766A9 /* Roboto-Black.ttf */ = {isa = PBXFileReference; lastKnownFileType = file; path = "Roboto-Black.ttf"; sourceTree = "<group>"; };
		8E182AF42E073A56006766A9 /* Roboto-Light.ttf */ = {isa = PBXFileReference; lastKnownFileType = file; path = "Roboto-Light.ttf"; sourceTree = "<group>"; };
		8E182AF52E073A56006766A9 /* Mako-Regular.ttf */ = {isa = PBXFileReference; lastKnownFileType = file; path = "Mako-Regular.ttf"; sourceTree = "<group>"; };
		8E182AF62E073A56006766A9 /* Roboto-Bold.ttf */ = {isa = PBXFileReference; lastKnownFileType = file; path = "Roboto-Bold.ttf"; sourceTree = "<group>"; };
		8E182AF72E073A56006766A9 /* Roboto-Regular.ttf */ = {isa = PBXFileReference; lastKnownFileType = file; path = "Roboto-Regular.ttf"; sourceTree = "<group>"; };
		8E182AFE2E073AA6006766A9 /* Info.plist */ = {isa = PBXFileReference; lastKnownFileType = text.plist; path = Info.plist; sourceTree = "<group>"; };
		8E182B022E073E2A006766A9 /* SplashViewController.swift */ = {isa = PBXFileReference; lastKnownFileType = sourcecode.swift; path = SplashViewController.swift; sourceTree = "<group>"; };
		8E182B042E073E5F006766A9 /* SplashView.swift */ = {isa = PBXFileReference; lastKnownFileType = sourcecode.swift; path = SplashView.swift; sourceTree = "<group>"; };
		8E182B062E074451006766A9 /* LoginView.swift */ = {isa = PBXFileReference; lastKnownFileType = sourcecode.swift; path = LoginView.swift; sourceTree = "<group>"; };
		8E182B082E074487006766A9 /* LoginViewController.swift */ = {isa = PBXFileReference; lastKnownFileType = sourcecode.swift; path = LoginViewController.swift; sourceTree = "<group>"; };
		8E182B0A2E0744C3006766A9 /* ValidationHelper.swift */ = {isa = PBXFileReference; lastKnownFileType = sourcecode.swift; path = ValidationHelper.swift; sourceTree = "<group>"; };
		8E182B0D2E074760006766A9 /* PrimaryButtonStyle.swift */ = {isa = PBXFileReference; lastKnownFileType = sourcecode.swift; path = PrimaryButtonStyle.swift; sourceTree = "<group>"; };
		8E182B0F2E0749D7006766A9 /* AppConstants.swift */ = {isa = PBXFileReference; lastKnownFileType = sourcecode.swift; path = AppConstants.swift; sourceTree = "<group>"; };
		8E20328C2E199D4800318257 /* UserResponse.swift */ = {isa = PBXFileReference; lastKnownFileType = sourcecode.swift; path = UserResponse.swift; sourceTree = "<group>"; };
		8E5CDFCA2E1822AA009014B9 /* ScreenWrapperView.swift */ = {isa = PBXFileReference; lastKnownFileType = sourcecode.swift; path = ScreenWrapperView.swift; sourceTree = "<group>"; };
		8E5CDFCD2E182C5B009014B9 /* UIApplication.swift */ = {isa = PBXFileReference; lastKnownFileType = sourcecode.swift; path = UIApplication.swift; sourceTree = "<group>"; };
		8E5CDFCF2E182EDD009014B9 /* RegisterViewController.swift */ = {isa = PBXFileReference; lastKnownFileType = sourcecode.swift; path = RegisterViewController.swift; sourceTree = "<group>"; };
		8E5CDFD12E182F09009014B9 /* RegisterView.swift */ = {isa = PBXFileReference; lastKnownFileType = sourcecode.swift; path = RegisterView.swift; sourceTree = "<group>"; };
		8E5CDFD32E182FBB009014B9 /* AppColors.swift */ = {isa = PBXFileReference; lastKnownFileType = sourcecode.swift; path = AppColors.swift; sourceTree = "<group>"; };
		8E5CDFD52E1833C1009014B9 /* AppFonts.swift */ = {isa = PBXFileReference; lastKnownFileType = sourcecode.swift; path = AppFonts.swift; sourceTree = "<group>"; };
		8E5CDFD72E184F2E009014B9 /* UIView.swift */ = {isa = PBXFileReference; lastKnownFileType = sourcecode.swift; path = UIView.swift; sourceTree = "<group>"; };
		8E5CDFD92E18525C009014B9 /* DoctorUpdateController.swift */ = {isa = PBXFileReference; lastKnownFileType = sourcecode.swift; path = DoctorUpdateController.swift; sourceTree = "<group>"; };
		8E5CDFDB2E185283009014B9 /* DoctorUpdateView.swift */ = {isa = PBXFileReference; lastKnownFileType = sourcecode.swift; path = DoctorUpdateView.swift; sourceTree = "<group>"; };
		8E5CDFDE2E185434009014B9 /* APIService.swift */ = {isa = PBXFileReference; lastKnownFileType = sourcecode.swift; path = APIService.swift; sourceTree = "<group>"; };
		8E5CDFE02E185511009014B9 /* AppEndPoints.swift */ = {isa = PBXFileReference; lastKnownFileType = sourcecode.swift; path = AppEndPoints.swift; sourceTree = "<group>"; };
		8E5CDFE32E1855E6009014B9 /* GeneralResponse.swift */ = {isa = PBXFileReference; lastKnownFileType = sourcecode.swift; path = GeneralResponse.swift; sourceTree = "<group>"; };
		8E5CDFE52E185979009014B9 /* LoaderView.swift */ = {isa = PBXFileReference; lastKnownFileType = sourcecode.swift; path = LoaderView.swift; sourceTree = "<group>"; };
		8E5CDFE72E185B39009014B9 /* ToastView.swift */ = {isa = PBXFileReference; lastKnownFileType = sourcecode.swift; path = ToastView.swift; sourceTree = "<group>"; };
		8E5CDFEB2E18620E009014B9 /* LoginResponse.swift */ = {isa = PBXFileReference; lastKnownFileType = sourcecode.swift; path = LoginResponse.swift; sourceTree = "<group>"; };
		8E5CDFEE2E1863C5009014B9 /* Enum.swift */ = {isa = PBXFileReference; lastKnownFileType = sourcecode.swift; path = Enum.swift; sourceTree = "<group>"; };
		8E5CDFF22E193343009014B9 /* KeychainHelper.swift */ = {isa = PBXFileReference; lastKnownFileType = sourcecode.swift; path = KeychainHelper.swift; sourceTree = "<group>"; };
		8E5CDFF52E193869009014B9 /* DashboardView.swift */ = {isa = PBXFileReference; lastKnownFileType = sourcecode.swift; path = DashboardView.swift; sourceTree = "<group>"; };
		8E5CDFF72E19387D009014B9 /* HomeView.swift */ = {isa = PBXFileReference; lastKnownFileType = sourcecode.swift; path = HomeView.swift; sourceTree = "<group>"; };
		8E5CDFF92E1938B2009014B9 /* PrescriptionView.swift */ = {isa = PBXFileReference; lastKnownFileType = sourcecode.swift; path = PrescriptionView.swift; sourceTree = "<group>"; };
		8E5CDFFB2E1938D7009014B9 /* SettingsView.swift */ = {isa = PBXFileReference; lastKnownFileType = sourcecode.swift; path = SettingsView.swift; sourceTree = "<group>"; };
		8E5CDFFD2E194038009014B9 /* AppRouter.swift */ = {isa = PBXFileReference; lastKnownFileType = sourcecode.swift; path = AppRouter.swift; sourceTree = "<group>"; };
/* End PBXFileReference section */

/* Begin PBXFrameworksBuildPhase section */
		8E0ACA952E07330800AA57E3 /* Frameworks */ = {
			isa = PBXFrameworksBuildPhase;
			buildActionMask = 2147483647;
			files = (
			);
			runOnlyForDeploymentPostprocessing = 0;
		};
/* End PBXFrameworksBuildPhase section */

/* Begin PBXGroup section */
		8E0ACA8F2E07330800AA57E3 = {
			isa = PBXGroup;
			children = (
				8E0ACA9A2E07330800AA57E3 /* MediScript */,
				8E0ACA992E07330800AA57E3 /* Products */,
			);
			sourceTree = "<group>";
		};
		8E0ACA992E07330800AA57E3 /* Products */ = {
			isa = PBXGroup;
			children = (
				8E0ACA982E07330800AA57E3 /* MediScript.app */,
			);
			name = Products;
			sourceTree = "<group>";
		};
		8E0ACA9A2E07330800AA57E3 /* MediScript */ = {
			isa = PBXGroup;
			children = (
				8E5CDFED2E1863B9009014B9 /* Utils */,
				8E5CDFE22E1855D0009014B9 /* Models */,
				8E5CDFDD2E18540C009014B9 /* NetworkManager */,
				8E5CDFCC2E182C47009014B9 /* Extensions */,
				8E182B012E073E15006766A9 /* Helpers */,
				8E182B002E073E04006766A9 /* Views */,
				8E182AFF2E073DFA006766A9 /* ViewControllers */,
				8E182AFE2E073AA6006766A9 /* Info.plist */,
				8E182AF02E0739C7006766A9 /* Assets */,
				8E0ACA9B2E07330800AA57E3 /* MediScriptApp.swift */,
				8E0ACA9F2E07330900AA57E3 /* Assets.xcassets */,
				8E0ACAA42E07330900AA57E3 /* Persistence.swift */,
				8E0ACAA62E07330900AA57E3 /* MediScript.xcdatamodeld */,
				8E0ACAA12E07330900AA57E3 /* Preview Content */,
			);
			path = MediScript;
			sourceTree = "<group>";
		};
		8E0ACAA12E07330900AA57E3 /* Preview Content */ = {
			isa = PBXGroup;
			children = (
				8E0ACAA22E07330900AA57E3 /* Preview Assets.xcassets */,
			);
			path = "Preview Content";
			sourceTree = "<group>";
		};
		8E182AF02E0739C7006766A9 /* Assets */ = {
			isa = PBXGroup;
			children = (
				8E182AF12E073A14006766A9 /* Fonts */,
			);
			path = Assets;
			sourceTree = "<group>";
		};
		8E182AF12E073A14006766A9 /* Fonts */ = {
			isa = PBXGroup;
			children = (
				8E182AF52E073A56006766A9 /* Mako-Regular.ttf */,
				8E182AF32E073A56006766A9 /* Roboto-Black.ttf */,
				8E182AF62E073A56006766A9 /* Roboto-Bold.ttf */,
				8E182AF42E073A56006766A9 /* Roboto-Light.ttf */,
				8E182AF22E073A56006766A9 /* Roboto-Medium.ttf */,
				8E182AF72E073A56006766A9 /* Roboto-Regular.ttf */,
			);
			path = Fonts;
			sourceTree = "<group>";
		};
		8E182AFF2E073DFA006766A9 /* ViewControllers */ = {
			isa = PBXGroup;
			children = (
				8E182B022E073E2A006766A9 /* SplashViewController.swift */,
				8E182B082E074487006766A9 /* LoginViewController.swift */,
				8E5CDFCF2E182EDD009014B9 /* RegisterViewController.swift */,
				8E5CDFD92E18525C009014B9 /* DoctorUpdateController.swift */,
			);
			path = ViewControllers;
			sourceTree = "<group>";
		};
		8E182B002E073E04006766A9 /* Views */ = {
			isa = PBXGroup;
			children = (
				8E5CDFF42E19384D009014B9 /* DashBoard */,
				8E182B0C2E07474E006766A9 /* Components */,
				8E5CDFDB2E185283009014B9 /* DoctorUpdateView.swift */,
				8E5CDFD12E182F09009014B9 /* RegisterView.swift */,
				8E182B042E073E5F006766A9 /* SplashView.swift */,
				8E0ACA9D2E07330800AA57E3 /* WelcomeView.swift */,
				8E182B062E074451006766A9 /* LoginView.swift */,
			);
			path = Views;
			sourceTree = "<group>";
		};
		8E182B012E073E15006766A9 /* Helpers */ = {
			isa = PBXGroup;
			children = (
				8E182B0A2E0744C3006766A9 /* ValidationHelper.swift */,
				8E182B0F2E0749D7006766A9 /* AppConstants.swift */,
				8E5CDFD32E182FBB009014B9 /* AppColors.swift */,
				8E5CDFD52E1833C1009014B9 /* AppFonts.swift */,
				8E5CDFF22E193343009014B9 /* KeychainHelper.swift */,
				8E5CDFFD2E194038009014B9 /* AppRouter.swift */,
			);
			path = Helpers;
			sourceTree = "<group>";
		};
		8E182B0C2E07474E006766A9 /* Components */ = {
			isa = PBXGroup;
			children = (
				8E182B0D2E074760006766A9 /* PrimaryButtonStyle.swift */,
				8E5CDFCA2E1822AA009014B9 /* ScreenWrapperView.swift */,
				8E5CDFE52E185979009014B9 /* LoaderView.swift */,
				8E5CDFE72E185B39009014B9 /* ToastView.swift */,
			);
			path = Components;
			sourceTree = "<group>";
		};
		8E5CDFCC2E182C47009014B9 /* Extensions */ = {
			isa = PBXGroup;
			children = (
				8E5CDFCD2E182C5B009014B9 /* UIApplication.swift */,
				8E5CDFD72E184F2E009014B9 /* UIView.swift */,
			);
			path = Extensions;
			sourceTree = "<group>";
		};
		8E5CDFDD2E18540C009014B9 /* NetworkManager */ = {
			isa = PBXGroup;
			children = (
				8E5CDFDE2E185434009014B9 /* APIService.swift */,
				8E5CDFE02E185511009014B9 /* AppEndPoints.swift */,
			);
			path = NetworkManager;
			sourceTree = "<group>";
		};
		8E5CDFE22E1855D0009014B9 /* Models */ = {
			isa = PBXGroup;
			children = (
				8E5CDFE32E1855E6009014B9 /* GeneralResponse.swift */,
				8E5CDFEB2E18620E009014B9 /* LoginResponse.swift */,
				8E20328C2E199D4800318257 /* UserResponse.swift */,
			);
			path = Models;
			sourceTree = "<group>";
		};
		8E5CDFED2E1863B9009014B9 /* Utils */ = {
			isa = PBXGroup;
			children = (
				8E5CDFEE2E1863C5009014B9 /* Enum.swift */,
			);
			path = Utils;
			sourceTree = "<group>";
		};
		8E5CDFF42E19384D009014B9 /* DashBoard */ = {
			isa = PBXGroup;
			children = (
				8E5CDFF52E193869009014B9 /* DashboardView.swift */,
				8E5CDFF72E19387D009014B9 /* HomeView.swift */,
				8E5CDFF92E1938B2009014B9 /* PrescriptionView.swift */,
				8E5CDFFB2E1938D7009014B9 /* SettingsView.swift */,
			);
			path = DashBoard;
			sourceTree = "<group>";
		};
/* End PBXGroup section */

/* Begin PBXNativeTarget section */
		8E0ACA972E07330800AA57E3 /* MediScript */ = {
			isa = PBXNativeTarget;
			buildConfigurationList = 8E0ACAAB2E07330900AA57E3 /* Build configuration list for PBXNativeTarget "MediScript" */;
			buildPhases = (
				8E0ACA942E07330800AA57E3 /* Sources */,
				8E0ACA952E07330800AA57E3 /* Frameworks */,
				8E0ACA962E07330800AA57E3 /* Resources */,
			);
			buildRules = (
			);
			dependencies = (
			);
			name = MediScript;
			productName = MediScript;
			productReference = 8E0ACA982E07330800AA57E3 /* MediScript.app */;
			productType = "com.apple.product-type.application";
		};
/* End PBXNativeTarget section */

/* Begin PBXProject section */
		8E0ACA902E07330800AA57E3 /* Project object */ = {
			isa = PBXProject;
			attributes = {
				BuildIndependentTargetsInParallel = 1;
				LastSwiftUpdateCheck = 1530;
				LastUpgradeCheck = 1530;
				TargetAttributes = {
					8E0ACA972E07330800AA57E3 = {
						CreatedOnToolsVersion = 15.3;
					};
				};
			};
			buildConfigurationList = 8E0ACA932E07330800AA57E3 /* Build configuration list for PBXProject "MediScript" */;
			compatibilityVersion = "Xcode 14.0";
			developmentRegion = en;
			hasScannedForEncodings = 0;
			knownRegions = (
				en,
				Base,
			);
			mainGroup = 8E0ACA8F2E07330800AA57E3;
			productRefGroup = 8E0ACA992E07330800AA57E3 /* Products */;
			projectDirPath = "";
			projectRoot = "";
			targets = (
				8E0ACA972E07330800AA57E3 /* MediScript */,
			);
		};
/* End PBXProject section */

/* Begin PBXResourcesBuildPhase section */
		8E0ACA962E07330800AA57E3 /* Resources */ = {
			isa = PBXResourcesBuildPhase;
			buildActionMask = 2147483647;
			files = (
				8E182AFC2E073A56006766A9 /* Roboto-Bold.ttf in Resources */,
				8E0ACAA32E07330900AA57E3 /* Preview Assets.xcassets in Resources */,
				8E182AFD2E073A56006766A9 /* Roboto-Regular.ttf in Resources */,
				8E0ACAA02E07330900AA57E3 /* Assets.xcassets in Resources */,
				8E182AFA2E073A56006766A9 /* Roboto-Light.ttf in Resources */,
				8E182AFB2E073A56006766A9 /* Mako-Regular.ttf in Resources */,
				8E182AF82E073A56006766A9 /* Roboto-Medium.ttf in Resources */,
				8E182AF92E073A56006766A9 /* Roboto-Black.ttf in Resources */,
			);
			runOnlyForDeploymentPostprocessing = 0;
		};
/* End PBXResourcesBuildPhase section */

/* Begin PBXSourcesBuildPhase section */
		8E0ACA942E07330800AA57E3 /* Sources */ = {
			isa = PBXSourcesBuildPhase;
			buildActionMask = 2147483647;
			files = (
				8E5CDFFA2E1938B2009014B9 /* PrescriptionView.swift in Sources */,
				8E5CDFCE2E182C5B009014B9 /* UIApplication.swift in Sources */,
				8E5CDFDF2E185434009014B9 /* APIService.swift in Sources */,
				8E0ACAA52E07330900AA57E3 /* Persistence.swift in Sources */,
				8E5CDFF82E19387D009014B9 /* HomeView.swift in Sources */,
				8E182B0B2E0744C3006766A9 /* ValidationHelper.swift in Sources */,
				8E5CDFE12E185511009014B9 /* AppEndPoints.swift in Sources */,
				8E20328D2E199D4800318257 /* UserResponse.swift in Sources */,
				8E5CDFE62E185979009014B9 /* LoaderView.swift in Sources */,
				8E182B0E2E074760006766A9 /* PrimaryButtonStyle.swift in Sources */,
				8E182B102E0749D7006766A9 /* AppConstants.swift in Sources */,
				8E5CDFDA2E18525C009014B9 /* DoctorUpdateController.swift in Sources */,
				8E182B072E074451006766A9 /* LoginView.swift in Sources */,
				8E5CDFD22E182F09009014B9 /* RegisterView.swift in Sources */,
				8E5CDFF32E193343009014B9 /* KeychainHelper.swift in Sources */,
				8E5CDFEC2E18620E009014B9 /* LoginResponse.swift in Sources */,
				8E5CDFE42E1855E6009014B9 /* GeneralResponse.swift in Sources */,
				8E0ACA9E2E07330800AA57E3 /* WelcomeView.swift in Sources */,
				8E0ACA9C2E07330800AA57E3 /* MediScriptApp.swift in Sources */,
				8E5CDFE82E185B39009014B9 /* ToastView.swift in Sources */,
				8E5CDFDC2E185283009014B9 /* DoctorUpdateView.swift in Sources */,
				8E5CDFEF2E1863C5009014B9 /* Enum.swift in Sources */,
				8E5CDFD62E1833C1009014B9 /* AppFonts.swift in Sources */,
				8E182B092E074487006766A9 /* LoginViewController.swift in Sources */,
				8E5CDFD02E182EDD009014B9 /* RegisterViewController.swift in Sources */,
				8E0ACAA82E07330900AA57E3 /* MediScript.xcdatamodeld in Sources */,
				8E5CDFFC2E1938D7009014B9 /* SettingsView.swift in Sources */,
				8E182B032E073E2A006766A9 /* SplashViewController.swift in Sources */,
				8E5CDFD42E182FBB009014B9 /* AppColors.swift in Sources */,
				8E5CDFF62E193869009014B9 /* DashboardView.swift in Sources */,
				8E5CDFFE2E194038009014B9 /* AppRouter.swift in Sources */,
				8E5CDFCB2E1822AA009014B9 /* ScreenWrapperView.swift in Sources */,
				8E5CDFD82E184F2E009014B9 /* UIView.swift in Sources */,
				8E182B052E073E5F006766A9 /* SplashView.swift in Sources */,
			);
			runOnlyForDeploymentPostprocessing = 0;
		};
/* End PBXSourcesBuildPhase section */

/* Begin XCBuildConfiguration section */
		8E0ACAA92E07330900AA57E3 /* Debug */ = {
			isa = XCBuildConfiguration;
			buildSettings = {
				ALWAYS_SEARCH_USER_PATHS = NO;
				ASSETCATALOG_COMPILER_GENERATE_SWIFT_ASSET_SYMBOL_EXTENSIONS = YES;
				CLANG_ANALYZER_NONNULL = YES;
				CLANG_ANALYZER_NUMBER_OBJECT_CONVERSION = YES_AGGRESSIVE;
				CLANG_CXX_LANGUAGE_STANDARD = "gnu++20";
				CLANG_ENABLE_MODULES = YES;
				CLANG_ENABLE_OBJC_ARC = YES;
				CLANG_ENABLE_OBJC_WEAK = YES;
				CLANG_WARN_BLOCK_CAPTURE_AUTORELEASING = YES;
				CLANG_WARN_BOOL_CONVERSION = YES;
				CLANG_WARN_COMMA = YES;
				CLANG_WARN_CONSTANT_CONVERSION = YES;
				CLANG_WARN_DEPRECATED_OBJC_IMPLEMENTATIONS = YES;
				CLANG_WARN_DIRECT_OBJC_ISA_USAGE = YES_ERROR;
				CLANG_WARN_DOCUMENTATION_COMMENTS = YES;
				CLANG_WARN_EMPTY_BODY = YES;
				CLANG_WARN_ENUM_CONVERSION = YES;
				CLANG_WARN_INFINITE_RECURSION = YES;
				CLANG_WARN_INT_CONVERSION = YES;
				CLANG_WARN_NON_LITERAL_NULL_CONVERSION = YES;
				CLANG_WARN_OBJC_IMPLICIT_RETAIN_SELF = YES;
				CLANG_WARN_OBJC_LITERAL_CONVERSION = YES;
				CLANG_WARN_OBJC_ROOT_CLASS = YES_ERROR;
				CLANG_WARN_QUOTED_INCLUDE_IN_FRAMEWORK_HEADER = YES;
				CLANG_WARN_RANGE_LOOP_ANALYSIS = YES;
				CLANG_WARN_STRICT_PROTOTYPES = YES;
				CLANG_WARN_SUSPICIOUS_MOVE = YES;
				CLANG_WARN_UNGUARDED_AVAILABILITY = YES_AGGRESSIVE;
				CLANG_WARN_UNREACHABLE_CODE = YES;
				CLANG_WARN__DUPLICATE_METHOD_MATCH = YES;
				COPY_PHASE_STRIP = NO;
				DEBUG_INFORMATION_FORMAT = dwarf;
				ENABLE_STRICT_OBJC_MSGSEND = YES;
				ENABLE_TESTABILITY = YES;
				ENABLE_USER_SCRIPT_SANDBOXING = YES;
				GCC_C_LANGUAGE_STANDARD = gnu17;
				GCC_DYNAMIC_NO_PIC = NO;
				GCC_NO_COMMON_BLOCKS = YES;
				GCC_OPTIMIZATION_LEVEL = 0;
				GCC_PREPROCESSOR_DEFINITIONS = (
					"DEBUG=1",
					"$(inherited)",
				);
				GCC_WARN_64_TO_32_BIT_CONVERSION = YES;
				GCC_WARN_ABOUT_RETURN_TYPE = YES_ERROR;
				GCC_WARN_UNDECLARED_SELECTOR = YES;
				GCC_WARN_UNINITIALIZED_AUTOS = YES_AGGRESSIVE;
				GCC_WARN_UNUSED_FUNCTION = YES;
				GCC_WARN_UNUSED_VARIABLE = YES;
				IPHONEOS_DEPLOYMENT_TARGET = 17.4;
				LOCALIZATION_PREFERS_STRING_CATALOGS = YES;
				MTL_ENABLE_DEBUG_INFO = INCLUDE_SOURCE;
				MTL_FAST_MATH = YES;
				ONLY_ACTIVE_ARCH = YES;
				SDKROOT = iphoneos;
				SWIFT_ACTIVE_COMPILATION_CONDITIONS = "DEBUG $(inherited)";
				SWIFT_OPTIMIZATION_LEVEL = "-Onone";
			};
			name = Debug;
		};
		8E0ACAAA2E07330900AA57E3 /* Release */ = {
			isa = XCBuildConfiguration;
			buildSettings = {
				ALWAYS_SEARCH_USER_PATHS = NO;
				ASSETCATALOG_COMPILER_GENERATE_SWIFT_ASSET_SYMBOL_EXTENSIONS = YES;
				CLANG_ANALYZER_NONNULL = YES;
				CLANG_ANALYZER_NUMBER_OBJECT_CONVERSION = YES_AGGRESSIVE;
				CLANG_CXX_LANGUAGE_STANDARD = "gnu++20";
				CLANG_ENABLE_MODULES = YES;
				CLANG_ENABLE_OBJC_ARC = YES;
				CLANG_ENABLE_OBJC_WEAK = YES;
				CLANG_WARN_BLOCK_CAPTURE_AUTORELEASING = YES;
				CLANG_WARN_BOOL_CONVERSION = YES;
				CLANG_WARN_COMMA = YES;
				CLANG_WARN_CONSTANT_CONVERSION = YES;
				CLANG_WARN_DEPRECATED_OBJC_IMPLEMENTATIONS = YES;
				CLANG_WARN_DIRECT_OBJC_ISA_USAGE = YES_ERROR;
				CLANG_WARN_DOCUMENTATION_COMMENTS = YES;
				CLANG_WARN_EMPTY_BODY = YES;
				CLANG_WARN_ENUM_CONVERSION = YES;
				CLANG_WARN_INFINITE_RECURSION = YES;
				CLANG_WARN_INT_CONVERSION = YES;
				CLANG_WARN_NON_LITERAL_NULL_CONVERSION = YES;
				CLANG_WARN_OBJC_IMPLICIT_RETAIN_SELF = YES;
				CLANG_WARN_OBJC_LITERAL_CONVERSION = YES;
				CLANG_WARN_OBJC_ROOT_CLASS = YES_ERROR;
				CLANG_WARN_QUOTED_INCLUDE_IN_FRAMEWORK_HEADER = YES;
				CLANG_WARN_RANGE_LOOP_ANALYSIS = YES;
				CLANG_WARN_STRICT_PROTOTYPES = YES;
				CLANG_WARN_SUSPICIOUS_MOVE = YES;
				CLANG_WARN_UNGUARDED_AVAILABILITY = YES_AGGRESSIVE;
				CLANG_WARN_UNREACHABLE_CODE = YES;
				CLANG_WARN__DUPLICATE_METHOD_MATCH = YES;
				COPY_PHASE_STRIP = NO;
				DEBUG_INFORMATION_FORMAT = "dwarf-with-dsym";
				ENABLE_NS_ASSERTIONS = NO;
				ENABLE_STRICT_OBJC_MSGSEND = YES;
				ENABLE_USER_SCRIPT_SANDBOXING = YES;
				GCC_C_LANGUAGE_STANDARD = gnu17;
				GCC_NO_COMMON_BLOCKS = YES;
				GCC_WARN_64_TO_32_BIT_CONVERSION = YES;
				GCC_WARN_ABOUT_RETURN_TYPE = YES_ERROR;
				GCC_WARN_UNDECLARED_SELECTOR = YES;
				GCC_WARN_UNINITIALIZED_AUTOS = YES_AGGRESSIVE;
				GCC_WARN_UNUSED_FUNCTION = YES;
				GCC_WARN_UNUSED_VARIABLE = YES;
				IPHONEOS_DEPLOYMENT_TARGET = 17.4;
				LOCALIZATION_PREFERS_STRING_CATALOGS = YES;
				MTL_ENABLE_DEBUG_INFO = NO;
				MTL_FAST_MATH = YES;
				SDKROOT = iphoneos;
				SWIFT_COMPILATION_MODE = wholemodule;
				VALIDATE_PRODUCT = YES;
			};
			name = Release;
		};
		8E0ACAAC2E07330900AA57E3 /* Debug */ = {
			isa = XCBuildConfiguration;
			buildSettings = {
				ASSETCATALOG_COMPILER_APPICON_NAME = AppIcon;
				ASSETCATALOG_COMPILER_GLOBAL_ACCENT_COLOR_NAME = AccentColor;
				CODE_SIGN_STYLE = Automatic;
				CURRENT_PROJECT_VERSION = 1;
				DEVELOPMENT_ASSET_PATHS = "\"MediScript/Preview Content\"";
				ENABLE_PREVIEWS = YES;
				GENERATE_INFOPLIST_FILE = YES;
				INFOPLIST_FILE = MediScript/Info.plist;
				INFOPLIST_KEY_UIApplicationSceneManifest_Generation = YES;
				INFOPLIST_KEY_UIApplicationSupportsIndirectInputEvents = YES;
				INFOPLIST_KEY_UILaunchScreen_Generation = YES;
				INFOPLIST_KEY_UISupportedInterfaceOrientations = UIInterfaceOrientationPortrait;
				IPHONEOS_DEPLOYMENT_TARGET = 16.0;
				LD_RUNPATH_SEARCH_PATHS = (
					"$(inherited)",
					"@executable_path/Frameworks",
				);
				MARKETING_VERSION = 1.0;
				PRODUCT_BUNDLE_IDENTIFIER = com.zeezam.MediScript.MediScript;
				PRODUCT_NAME = "$(TARGET_NAME)";
				SWIFT_EMIT_LOC_STRINGS = YES;
				SWIFT_VERSION = 5.0;
				TARGETED_DEVICE_FAMILY = "1,2";
			};
			name = Debug;
		};
		8E0ACAAD2E07330900AA57E3 /* Release */ = {
			isa = XCBuildConfiguration;
			buildSettings = {
				ASSETCATALOG_COMPILER_APPICON_NAME = AppIcon;
				ASSETCATALOG_COMPILER_GLOBAL_ACCENT_COLOR_NAME = AccentColor;
				CODE_SIGN_STYLE = Automatic;
				CURRENT_PROJECT_VERSION = 1;
				DEVELOPMENT_ASSET_PATHS = "\"MediScript/Preview Content\"";
				ENABLE_PREVIEWS = YES;
				GENERATE_INFOPLIST_FILE = YES;
				INFOPLIST_FILE = MediScript/Info.plist;
				INFOPLIST_KEY_UIApplicationSceneManifest_Generation = YES;
				INFOPLIST_KEY_UIApplicationSupportsIndirectInputEvents = YES;
				INFOPLIST_KEY_UILaunchScreen_Generation = YES;
				INFOPLIST_KEY_UISupportedInterfaceOrientations = UIInterfaceOrientationPortrait;
				IPHONEOS_DEPLOYMENT_TARGET = 16.0;
				LD_RUNPATH_SEARCH_PATHS = (
					"$(inherited)",
					"@executable_path/Frameworks",
				);
				MARKETING_VERSION = 1.0;
				PRODUCT_BUNDLE_IDENTIFIER = com.zeezam.MediScript.MediScript;
				PRODUCT_NAME = "$(TARGET_NAME)";
				SWIFT_EMIT_LOC_STRINGS = YES;
				SWIFT_VERSION = 5.0;
				TARGETED_DEVICE_FAMILY = "1,2";
			};
			name = Release;
		};
/* End XCBuildConfiguration section */

/* Begin XCConfigurationList section */
		8E0ACA932E07330800AA57E3 /* Build configuration list for PBXProject "MediScript" */ = {
			isa = XCConfigurationList;
			buildConfigurations = (
				8E0ACAA92E07330900AA57E3 /* Debug */,
				8E0ACAAA2E07330900AA57E3 /* Release */,
			);
			defaultConfigurationIsVisible = 0;
			defaultConfigurationName = Release;
		};
		8E0ACAAB2E07330900AA57E3 /* Build configuration list for PBXNativeTarget "MediScript" */ = {
			isa = XCConfigurationList;
			buildConfigurations = (
				8E0ACAAC2E07330900AA57E3 /* Debug */,
				8E0ACAAD2E07330900AA57E3 /* Release */,
			);
			defaultConfigurationIsVisible = 0;
			defaultConfigurationName = Release;
		};
/* End XCConfigurationList section */

/* Begin XCVersionGroup section */
		8E0ACAA62E07330900AA57E3 /* MediScript.xcdatamodeld */ = {
			isa = XCVersionGroup;
			children = (
				8E0ACAA72E07330900AA57E3 /* MediScript.xcdatamodel */,
			);
			currentVersion = 8E0ACAA72E07330900AA57E3 /* MediScript.xcdatamodel */;
			path = MediScript.xcdatamodeld;
			sourceTree = "<group>";
			versionGroupType = wrapper.xcdatamodel;
		};
/* End XCVersionGroup section */
	};
	rootObject = 8E0ACA902E07330800AA57E3 /* Project object */;
}
